// !$*UTF8*$!
{
	archiveVersion = 1;
	classes = {
	};
	objectVersion = 46;
	objects = {

/* Begin PBXBuildFile section */
		0027C1759F5D2C79FBABC407 /* Pods_Money_SaveUITests.framework in Frameworks */ = {isa = PBXBuildFile; fileRef = 806B321CB80352AB4AAA476D /* Pods_Money_SaveUITests.framework */; };
		3781679F1EE7F50600B7B300 /* Muc.swift in Sources */ = {isa = PBXBuildFile; fileRef = 3781679E1EE7F50600B7B300 /* Muc.swift */; };
		378167A11EE7F52200B7B300 /* MucLine.swift in Sources */ = {isa = PBXBuildFile; fileRef = 378167A01EE7F52200B7B300 /* MucLine.swift */; };
		7A44F0B71F108BCB002429A0 /* getData.swift in Sources */ = {isa = PBXBuildFile; fileRef = 7A44F0B61F108BCB002429A0 /* getData.swift */; };
		7A44F0BB1F109C10002429A0 /* User.swift in Sources */ = {isa = PBXBuildFile; fileRef = 7A44F0BA1F109C10002429A0 /* User.swift */; };
		7A44F0BD1F10A7D0002429A0 /* getDataThu.swift in Sources */ = {isa = PBXBuildFile; fileRef = 7A44F0BC1F10A7D0002429A0 /* getDataThu.swift */; };
		7A44F0BF1F10A9EC002429A0 /* getDataChi.swift in Sources */ = {isa = PBXBuildFile; fileRef = 7A44F0BE1F10A9EC002429A0 /* getDataChi.swift */; };
		7A44F0C11F10B339002429A0 /* ProtocolTransaction.swift in Sources */ = {isa = PBXBuildFile; fileRef = 7A44F0C01F10B339002429A0 /* ProtocolTransaction.swift */; };
		7A44F0C31F10B44A002429A0 /* LoaiThucChi.swift in Sources */ = {isa = PBXBuildFile; fileRef = 7A44F0C21F10B44A002429A0 /* LoaiThucChi.swift */; };
		7AF2528B1F138024004430CF /* QuanlyUserViewController.swift in Sources */ = {isa = PBXBuildFile; fileRef = 7AF2528A1F138024004430CF /* QuanlyUserViewController.swift */; };
		7AF2528D1F138225004430CF /* DoiMatKhauViewController.swift in Sources */ = {isa = PBXBuildFile; fileRef = 7AF2528C1F138225004430CF /* DoiMatKhauViewController.swift */; };
		7EC2F76D037D21BC049AB61F /* Pods_Money_Save.framework in Frameworks */ = {isa = PBXBuildFile; fileRef = BE09FC93A74FF890F476CD1F /* Pods_Money_Save.framework */; };
		8E626EC1EF25AD93F34A07F0 /* Pods_Money_SaveTests.framework in Frameworks */ = {isa = PBXBuildFile; fileRef = 4C04100220E58F5E5C1DB5C0 /* Pods_Money_SaveTests.framework */; };
		B76F66381EF112E8000FEE02 /* GoogleService-Info.plist in Resources */ = {isa = PBXBuildFile; fileRef = B76F66371EF112E8000FEE02 /* GoogleService-Info.plist */; };
		DF2B5B681F0F2D9B006C84E4 /* DayViewController.swift in Sources */ = {isa = PBXBuildFile; fileRef = DF2B5B671F0F2D9B006C84E4 /* DayViewController.swift */; };
		DF2B5B6A1F0F47F3006C84E4 /* ThuChi.swift in Sources */ = {isa = PBXBuildFile; fileRef = DF2B5B691F0F47F3006C84E4 /* ThuChi.swift */; };
		DF2B5B6C1F0F48E2006C84E4 /* ListThuChi.swift in Sources */ = {isa = PBXBuildFile; fileRef = DF2B5B6B1F0F48E2006C84E4 /* ListThuChi.swift */; };
		DF2B5B6E1F0F4E40006C84E4 /* ListThuChiViewController.swift in Sources */ = {isa = PBXBuildFile; fileRef = DF2B5B6D1F0F4E40006C84E4 /* ListThuChiViewController.swift */; };
		DF2B5B701F0F4E86006C84E4 /* DongThuChiTableViewCell.swift in Sources */ = {isa = PBXBuildFile; fileRef = DF2B5B6F1F0F4E86006C84E4 /* DongThuChiTableViewCell.swift */; };
		DF2B5B761F0FC17C006C84E4 /* HangMucChiViewController.swift in Sources */ = {isa = PBXBuildFile; fileRef = DF2B5B751F0FC17C006C84E4 /* HangMucChiViewController.swift */; };
		DF2B5B781F0FC1D1006C84E4 /* DongHangMucChiTableViewCell.swift in Sources */ = {isa = PBXBuildFile; fileRef = DF2B5B771F0FC1D1006C84E4 /* DongHangMucChiTableViewCell.swift */; };
		DF2B5B7A1F0FC2BB006C84E4 /* HangMucChi.swift in Sources */ = {isa = PBXBuildFile; fileRef = DF2B5B791F0FC2BB006C84E4 /* HangMucChi.swift */; };
		DF2B5B7C1F0FC49E006C84E4 /* ListHangMucChi.swift in Sources */ = {isa = PBXBuildFile; fileRef = DF2B5B7B1F0FC49E006C84E4 /* ListHangMucChi.swift */; };
		DF3373EE1F0E73F40054D54B /* HangMucThuViewController.swift in Sources */ = {isa = PBXBuildFile; fileRef = DF3373ED1F0E73F40054D54B /* HangMucThuViewController.swift */; };
		DF3373F01F0E87C80054D54B /* DongHangMucThuTableViewCell.swift in Sources */ = {isa = PBXBuildFile; fileRef = DF3373EF1F0E87C80054D54B /* DongHangMucThuTableViewCell.swift */; };
		DF3373F21F0E94D50054D54B /* DienGiaiViewController.swift in Sources */ = {isa = PBXBuildFile; fileRef = DF3373F11F0E94D50054D54B /* DienGiaiViewController.swift */; };
		DF349C851F13345A007ADC2D /* ThemHangMucChiViewController.swift in Sources */ = {isa = PBXBuildFile; fileRef = DF349C841F133459007ADC2D /* ThemHangMucChiViewController.swift */; };
		DF349C871F1337DE007ADC2D /* ThemHangMucThuViewController.swift in Sources */ = {isa = PBXBuildFile; fileRef = DF349C861F1337DE007ADC2D /* ThemHangMucThuViewController.swift */; };
		DF3800011EE5B3BF00C967C2 /* RegisterViewController.swift in Sources */ = {isa = PBXBuildFile; fileRef = DF3800001EE5B3BF00C967C2 /* RegisterViewController.swift */; };
		DF3800031EE5C10600C967C2 /* LoginViewController.swift in Sources */ = {isa = PBXBuildFile; fileRef = DF3800021EE5C10600C967C2 /* LoginViewController.swift */; };
		DFA2D7761EE710AA009CCAA4 /* HomeViewController.swift in Sources */ = {isa = PBXBuildFile; fileRef = DFA2D7751EE710AA009CCAA4 /* HomeViewController.swift */; };
		DFA2D7781EE71441009CCAA4 /* InsertViewController.swift in Sources */ = {isa = PBXBuildFile; fileRef = DFA2D7771EE71441009CCAA4 /* InsertViewController.swift */; };
		DFF0EB921EE58D6200A96A7E /* AppDelegate.swift in Sources */ = {isa = PBXBuildFile; fileRef = DFF0EB911EE58D6200A96A7E /* AppDelegate.swift */; };
		DFF0EB941EE58D6200A96A7E /* ViewController.swift in Sources */ = {isa = PBXBuildFile; fileRef = DFF0EB931EE58D6200A96A7E /* ViewController.swift */; };
		DFF0EB971EE58D6200A96A7E /* Main.storyboard in Resources */ = {isa = PBXBuildFile; fileRef = DFF0EB951EE58D6200A96A7E /* Main.storyboard */; };
		DFF0EB991EE58D6300A96A7E /* Assets.xcassets in Resources */ = {isa = PBXBuildFile; fileRef = DFF0EB981EE58D6300A96A7E /* Assets.xcassets */; };
		DFF0EB9C1EE58D6300A96A7E /* LaunchScreen.storyboard in Resources */ = {isa = PBXBuildFile; fileRef = DFF0EB9A1EE58D6300A96A7E /* LaunchScreen.storyboard */; };
		DFF0EBA71EE58D6300A96A7E /* Money_SaveTests.swift in Sources */ = {isa = PBXBuildFile; fileRef = DFF0EBA61EE58D6300A96A7E /* Money_SaveTests.swift */; };
		DFF0EBB21EE58D6300A96A7E /* Money_SaveUITests.swift in Sources */ = {isa = PBXBuildFile; fileRef = DFF0EBB11EE58D6300A96A7E /* Money_SaveUITests.swift */; };
/* End PBXBuildFile section */

/* Begin PBXContainerItemProxy section */
		DFF0EBA31EE58D6300A96A7E /* PBXContainerItemProxy */ = {
			isa = PBXContainerItemProxy;
			containerPortal = DFF0EB861EE58D6200A96A7E /* Project object */;
			proxyType = 1;
			remoteGlobalIDString = DFF0EB8D1EE58D6200A96A7E;
			remoteInfo = Money_Save;
		};
		DFF0EBAE1EE58D6300A96A7E /* PBXContainerItemProxy */ = {
			isa = PBXContainerItemProxy;
			containerPortal = DFF0EB861EE58D6200A96A7E /* Project object */;
			proxyType = 1;
			remoteGlobalIDString = DFF0EB8D1EE58D6200A96A7E;
			remoteInfo = Money_Save;
		};
/* End PBXContainerItemProxy section */

/* Begin PBXFileReference section */
		173FB40E564E3C9714002C1A /* Pods-Money_Save.debug.xcconfig */ = {isa = PBXFileReference; includeInIndex = 1; lastKnownFileType = text.xcconfig; name = "Pods-Money_Save.debug.xcconfig"; path = "Pods/Target Support Files/Pods-Money_Save/Pods-Money_Save.debug.xcconfig"; sourceTree = "<group>"; };
		2EB8ABB43183817FA652C71C /* Pods-Money_SaveUITests.debug.xcconfig */ = {isa = PBXFileReference; includeInIndex = 1; lastKnownFileType = text.xcconfig; name = "Pods-Money_SaveUITests.debug.xcconfig"; path = "Pods/Target Support Files/Pods-Money_SaveUITests/Pods-Money_SaveUITests.debug.xcconfig"; sourceTree = "<group>"; };
		33F9E2589A6E368D05A23452 /* Pods-Money_SaveUITests.release.xcconfig */ = {isa = PBXFileReference; includeInIndex = 1; lastKnownFileType = text.xcconfig; name = "Pods-Money_SaveUITests.release.xcconfig"; path = "Pods/Target Support Files/Pods-Money_SaveUITests/Pods-Money_SaveUITests.release.xcconfig"; sourceTree = "<group>"; };
		3781679E1EE7F50600B7B300 /* Muc.swift */ = {isa = PBXFileReference; fileEncoding = 4; lastKnownFileType = sourcecode.swift; path = Muc.swift; sourceTree = "<group>"; };
		378167A01EE7F52200B7B300 /* MucLine.swift */ = {isa = PBXFileReference; fileEncoding = 4; lastKnownFileType = sourcecode.swift; path = MucLine.swift; sourceTree = "<group>"; };
		4C04100220E58F5E5C1DB5C0 /* Pods_Money_SaveTests.framework */ = {isa = PBXFileReference; explicitFileType = wrapper.framework; includeInIndex = 0; path = Pods_Money_SaveTests.framework; sourceTree = BUILT_PRODUCTS_DIR; };
		7A44F0B61F108BCB002429A0 /* getData.swift */ = {isa = PBXFileReference; fileEncoding = 4; lastKnownFileType = sourcecode.swift; path = getData.swift; sourceTree = "<group>"; };
		7A44F0BA1F109C10002429A0 /* User.swift */ = {isa = PBXFileReference; fileEncoding = 4; lastKnownFileType = sourcecode.swift; path = User.swift; sourceTree = "<group>"; };
		7A44F0BC1F10A7D0002429A0 /* getDataThu.swift */ = {isa = PBXFileReference; fileEncoding = 4; lastKnownFileType = sourcecode.swift; path = getDataThu.swift; sourceTree = "<group>"; };
		7A44F0BE1F10A9EC002429A0 /* getDataChi.swift */ = {isa = PBXFileReference; fileEncoding = 4; lastKnownFileType = sourcecode.swift; path = getDataChi.swift; sourceTree = "<group>"; };
		7A44F0C01F10B339002429A0 /* ProtocolTransaction.swift */ = {isa = PBXFileReference; fileEncoding = 4; lastKnownFileType = sourcecode.swift; path = ProtocolTransaction.swift; sourceTree = "<group>"; };
		7A44F0C21F10B44A002429A0 /* LoaiThucChi.swift */ = {isa = PBXFileReference; fileEncoding = 4; lastKnownFileType = sourcecode.swift; path = LoaiThucChi.swift; sourceTree = "<group>"; };
		7AF2528A1F138024004430CF /* QuanlyUserViewController.swift */ = {isa = PBXFileReference; fileEncoding = 4; lastKnownFileType = sourcecode.swift; path = QuanlyUserViewController.swift; sourceTree = "<group>"; };
		7AF2528C1F138225004430CF /* DoiMatKhauViewController.swift */ = {isa = PBXFileReference; fileEncoding = 4; lastKnownFileType = sourcecode.swift; path = DoiMatKhauViewController.swift; sourceTree = "<group>"; };
		806B321CB80352AB4AAA476D /* Pods_Money_SaveUITests.framework */ = {isa = PBXFileReference; explicitFileType = wrapper.framework; includeInIndex = 0; path = Pods_Money_SaveUITests.framework; sourceTree = BUILT_PRODUCTS_DIR; };
		9A9A7541A261DD740F564D28 /* Pods-Money_SaveTests.release.xcconfig */ = {isa = PBXFileReference; includeInIndex = 1; lastKnownFileType = text.xcconfig; name = "Pods-Money_SaveTests.release.xcconfig"; path = "Pods/Target Support Files/Pods-Money_SaveTests/Pods-Money_SaveTests.release.xcconfig"; sourceTree = "<group>"; };
		B76F66371EF112E8000FEE02 /* GoogleService-Info.plist */ = {isa = PBXFileReference; fileEncoding = 4; lastKnownFileType = text.plist.xml; path = "GoogleService-Info.plist"; sourceTree = "<group>"; };
		BE09FC93A74FF890F476CD1F /* Pods_Money_Save.framework */ = {isa = PBXFileReference; explicitFileType = wrapper.framework; includeInIndex = 0; path = Pods_Money_Save.framework; sourceTree = BUILT_PRODUCTS_DIR; };
		DF2B5B671F0F2D9B006C84E4 /* DayViewController.swift */ = {isa = PBXFileReference; fileEncoding = 4; lastKnownFileType = sourcecode.swift; path = DayViewController.swift; sourceTree = "<group>"; };
		DF2B5B691F0F47F3006C84E4 /* ThuChi.swift */ = {isa = PBXFileReference; fileEncoding = 4; lastKnownFileType = sourcecode.swift; path = ThuChi.swift; sourceTree = "<group>"; };
		DF2B5B6B1F0F48E2006C84E4 /* ListThuChi.swift */ = {isa = PBXFileReference; fileEncoding = 4; lastKnownFileType = sourcecode.swift; path = ListThuChi.swift; sourceTree = "<group>"; };
		DF2B5B6D1F0F4E40006C84E4 /* ListThuChiViewController.swift */ = {isa = PBXFileReference; fileEncoding = 4; lastKnownFileType = sourcecode.swift; path = ListThuChiViewController.swift; sourceTree = "<group>"; };
		DF2B5B6F1F0F4E86006C84E4 /* DongThuChiTableViewCell.swift */ = {isa = PBXFileReference; fileEncoding = 4; lastKnownFileType = sourcecode.swift; path = DongThuChiTableViewCell.swift; sourceTree = "<group>"; };
		DF2B5B751F0FC17C006C84E4 /* HangMucChiViewController.swift */ = {isa = PBXFileReference; fileEncoding = 4; lastKnownFileType = sourcecode.swift; path = HangMucChiViewController.swift; sourceTree = "<group>"; };
		DF2B5B771F0FC1D1006C84E4 /* DongHangMucChiTableViewCell.swift */ = {isa = PBXFileReference; fileEncoding = 4; lastKnownFileType = sourcecode.swift; path = DongHangMucChiTableViewCell.swift; sourceTree = "<group>"; };
		DF2B5B791F0FC2BB006C84E4 /* HangMucChi.swift */ = {isa = PBXFileReference; fileEncoding = 4; lastKnownFileType = sourcecode.swift; path = HangMucChi.swift; sourceTree = "<group>"; };
		DF2B5B7B1F0FC49E006C84E4 /* ListHangMucChi.swift */ = {isa = PBXFileReference; fileEncoding = 4; lastKnownFileType = sourcecode.swift; path = ListHangMucChi.swift; sourceTree = "<group>"; };
		DF3373ED1F0E73F40054D54B /* HangMucThuViewController.swift */ = {isa = PBXFileReference; fileEncoding = 4; lastKnownFileType = sourcecode.swift; path = HangMucThuViewController.swift; sourceTree = "<group>"; };
		DF3373EF1F0E87C80054D54B /* DongHangMucThuTableViewCell.swift */ = {isa = PBXFileReference; fileEncoding = 4; lastKnownFileType = sourcecode.swift; path = DongHangMucThuTableViewCell.swift; sourceTree = "<group>"; };
		DF3373F11F0E94D50054D54B /* DienGiaiViewController.swift */ = {isa = PBXFileReference; fileEncoding = 4; lastKnownFileType = sourcecode.swift; path = DienGiaiViewController.swift; sourceTree = "<group>"; };
		DF349C841F133459007ADC2D /* ThemHangMucChiViewController.swift */ = {isa = PBXFileReference; fileEncoding = 4; lastKnownFileType = sourcecode.swift; path = ThemHangMucChiViewController.swift; sourceTree = "<group>"; };
		DF349C861F1337DE007ADC2D /* ThemHangMucThuViewController.swift */ = {isa = PBXFileReference; fileEncoding = 4; lastKnownFileType = sourcecode.swift; path = ThemHangMucThuViewController.swift; sourceTree = "<group>"; };
		DF3800001EE5B3BF00C967C2 /* RegisterViewController.swift */ = {isa = PBXFileReference; fileEncoding = 4; lastKnownFileType = sourcecode.swift; path = RegisterViewController.swift; sourceTree = "<group>"; };
		DF3800021EE5C10600C967C2 /* LoginViewController.swift */ = {isa = PBXFileReference; fileEncoding = 4; lastKnownFileType = sourcecode.swift; path = LoginViewController.swift; sourceTree = "<group>"; };
		DFA2D7751EE710AA009CCAA4 /* HomeViewController.swift */ = {isa = PBXFileReference; fileEncoding = 4; lastKnownFileType = sourcecode.swift; path = HomeViewController.swift; sourceTree = "<group>"; };
		DFA2D7771EE71441009CCAA4 /* InsertViewController.swift */ = {isa = PBXFileReference; fileEncoding = 4; lastKnownFileType = sourcecode.swift; path = InsertViewController.swift; sourceTree = "<group>"; };
		DFF0EB8E1EE58D6200A96A7E /* Money_Save.app */ = {isa = PBXFileReference; explicitFileType = wrapper.application; includeInIndex = 0; path = Money_Save.app; sourceTree = BUILT_PRODUCTS_DIR; };
		DFF0EB911EE58D6200A96A7E /* AppDelegate.swift */ = {isa = PBXFileReference; lastKnownFileType = sourcecode.swift; path = AppDelegate.swift; sourceTree = "<group>"; };
		DFF0EB931EE58D6200A96A7E /* ViewController.swift */ = {isa = PBXFileReference; lastKnownFileType = sourcecode.swift; path = ViewController.swift; sourceTree = "<group>"; };
		DFF0EB961EE58D6200A96A7E /* Base */ = {isa = PBXFileReference; lastKnownFileType = file.storyboard; name = Base; path = Base.lproj/Main.storyboard; sourceTree = "<group>"; };
		DFF0EB981EE58D6300A96A7E /* Assets.xcassets */ = {isa = PBXFileReference; lastKnownFileType = folder.assetcatalog; path = Assets.xcassets; sourceTree = "<group>"; };
		DFF0EB9B1EE58D6300A96A7E /* Base */ = {isa = PBXFileReference; lastKnownFileType = file.storyboard; name = Base; path = Base.lproj/LaunchScreen.storyboard; sourceTree = "<group>"; };
		DFF0EB9D1EE58D6300A96A7E /* Info.plist */ = {isa = PBXFileReference; lastKnownFileType = text.plist.xml; path = Info.plist; sourceTree = "<group>"; };
		DFF0EBA21EE58D6300A96A7E /* Money_SaveTests.xctest */ = {isa = PBXFileReference; explicitFileType = wrapper.cfbundle; includeInIndex = 0; path = Money_SaveTests.xctest; sourceTree = BUILT_PRODUCTS_DIR; };
		DFF0EBA61EE58D6300A96A7E /* Money_SaveTests.swift */ = {isa = PBXFileReference; lastKnownFileType = sourcecode.swift; path = Money_SaveTests.swift; sourceTree = "<group>"; };
		DFF0EBA81EE58D6300A96A7E /* Info.plist */ = {isa = PBXFileReference; lastKnownFileType = text.plist.xml; path = Info.plist; sourceTree = "<group>"; };
		DFF0EBAD1EE58D6300A96A7E /* Money_SaveUITests.xctest */ = {isa = PBXFileReference; explicitFileType = wrapper.cfbundle; includeInIndex = 0; path = Money_SaveUITests.xctest; sourceTree = BUILT_PRODUCTS_DIR; };
		DFF0EBB11EE58D6300A96A7E /* Money_SaveUITests.swift */ = {isa = PBXFileReference; lastKnownFileType = sourcecode.swift; path = Money_SaveUITests.swift; sourceTree = "<group>"; };
		DFF0EBB31EE58D6400A96A7E /* Info.plist */ = {isa = PBXFileReference; lastKnownFileType = text.plist.xml; path = Info.plist; sourceTree = "<group>"; };
		E2164E7BE4580874BE3F36B0 /* Pods-Money_SaveTests.debug.xcconfig */ = {isa = PBXFileReference; includeInIndex = 1; lastKnownFileType = text.xcconfig; name = "Pods-Money_SaveTests.debug.xcconfig"; path = "Pods/Target Support Files/Pods-Money_SaveTests/Pods-Money_SaveTests.debug.xcconfig"; sourceTree = "<group>"; };
		F0ED98EFF8B8C363A60F7188 /* Pods-Money_Save.release.xcconfig */ = {isa = PBXFileReference; includeInIndex = 1; lastKnownFileType = text.xcconfig; name = "Pods-Money_Save.release.xcconfig"; path = "Pods/Target Support Files/Pods-Money_Save/Pods-Money_Save.release.xcconfig"; sourceTree = "<group>"; };
/* End PBXFileReference section */

/* Begin PBXFrameworksBuildPhase section */
		DFF0EB8B1EE58D6200A96A7E /* Frameworks */ = {
			isa = PBXFrameworksBuildPhase;
			buildActionMask = 2147483647;
			files = (
				7EC2F76D037D21BC049AB61F /* Pods_Money_Save.framework in Frameworks */,
			);
			runOnlyForDeploymentPostprocessing = 0;
		};
		DFF0EB9F1EE58D6300A96A7E /* Frameworks */ = {
			isa = PBXFrameworksBuildPhase;
			buildActionMask = 2147483647;
			files = (
				8E626EC1EF25AD93F34A07F0 /* Pods_Money_SaveTests.framework in Frameworks */,
			);
			runOnlyForDeploymentPostprocessing = 0;
		};
		DFF0EBAA1EE58D6300A96A7E /* Frameworks */ = {
			isa = PBXFrameworksBuildPhase;
			buildActionMask = 2147483647;
			files = (
				0027C1759F5D2C79FBABC407 /* Pods_Money_SaveUITests.framework in Frameworks */,
			);
			runOnlyForDeploymentPostprocessing = 0;
		};
/* End PBXFrameworksBuildPhase section */

/* Begin PBXGroup section */
		3781679D1EE7F4D100B7B300 /* Model */ = {
			isa = PBXGroup;
			children = (
				3781679E1EE7F50600B7B300 /* Muc.swift */,
				378167A01EE7F52200B7B300 /* MucLine.swift */,
				DF2B5B691F0F47F3006C84E4 /* ThuChi.swift */,
				DF2B5B6B1F0F48E2006C84E4 /* ListThuChi.swift */,
				DF2B5B791F0FC2BB006C84E4 /* HangMucChi.swift */,
				DF2B5B7B1F0FC49E006C84E4 /* ListHangMucChi.swift */,
				7A44F0B61F108BCB002429A0 /* getData.swift */,
				7A44F0BA1F109C10002429A0 /* User.swift */,
				7A44F0BC1F10A7D0002429A0 /* getDataThu.swift */,
				7A44F0BE1F10A9EC002429A0 /* getDataChi.swift */,
				7A44F0C01F10B339002429A0 /* ProtocolTransaction.swift */,
				7A44F0C21F10B44A002429A0 /* LoaiThucChi.swift */,
			);
			name = Model;
			sourceTree = "<group>";
		};
		636C105F6AB87791D3E30AD9 /* Frameworks */ = {
			isa = PBXGroup;
			children = (
				BE09FC93A74FF890F476CD1F /* Pods_Money_Save.framework */,
				4C04100220E58F5E5C1DB5C0 /* Pods_Money_SaveTests.framework */,
				806B321CB80352AB4AAA476D /* Pods_Money_SaveUITests.framework */,
			);
			name = Frameworks;
			sourceTree = "<group>";
		};
		DF2B5B721F0FAE4A006C84E4 /* DAO */ = {
			isa = PBXGroup;
			children = (
			);
			name = DAO;
			sourceTree = "<group>";
		};
		DF38FFFF1EE5B32C00C967C2 /* Controller */ = {
			isa = PBXGroup;
			children = (
				DF3800001EE5B3BF00C967C2 /* RegisterViewController.swift */,
				DF3800021EE5C10600C967C2 /* LoginViewController.swift */,
				DFA2D7751EE710AA009CCAA4 /* HomeViewController.swift */,
				DFA2D7771EE71441009CCAA4 /* InsertViewController.swift */,
				DF3373ED1F0E73F40054D54B /* HangMucThuViewController.swift */,
				DF3373EF1F0E87C80054D54B /* DongHangMucThuTableViewCell.swift */,
				DF3373F11F0E94D50054D54B /* DienGiaiViewController.swift */,
				DF2B5B671F0F2D9B006C84E4 /* DayViewController.swift */,
				DF2B5B6D1F0F4E40006C84E4 /* ListThuChiViewController.swift */,
				DF2B5B6F1F0F4E86006C84E4 /* DongThuChiTableViewCell.swift */,
				DF2B5B751F0FC17C006C84E4 /* HangMucChiViewController.swift */,
				DF2B5B771F0FC1D1006C84E4 /* DongHangMucChiTableViewCell.swift */,
				DF349C841F133459007ADC2D /* ThemHangMucChiViewController.swift */,
				DF349C861F1337DE007ADC2D /* ThemHangMucThuViewController.swift */,
				7AF2528A1F138024004430CF /* QuanlyUserViewController.swift */,
				7AF2528C1F138225004430CF /* DoiMatKhauViewController.swift */,
			);
			name = Controller;
			sourceTree = "<group>";
		};
		DFF0EB851EE58D6200A96A7E = {
			isa = PBXGroup;
			children = (
				3781679D1EE7F4D100B7B300 /* Model */,
				DFF0EB901EE58D6200A96A7E /* Money_Save */,
				DFF0EBA51EE58D6300A96A7E /* Money_SaveTests */,
				DFF0EBB01EE58D6300A96A7E /* Money_SaveUITests */,
				DFF0EB8F1EE58D6200A96A7E /* Products */,
				FC11A1E6014F2458505BB531 /* Pods */,
				636C105F6AB87791D3E30AD9 /* Frameworks */,
			);
			sourceTree = "<group>";
		};
		DFF0EB8F1EE58D6200A96A7E /* Products */ = {
			isa = PBXGroup;
			children = (
				DFF0EB8E1EE58D6200A96A7E /* Money_Save.app */,
				DFF0EBA21EE58D6300A96A7E /* Money_SaveTests.xctest */,
				DFF0EBAD1EE58D6300A96A7E /* Money_SaveUITests.xctest */,
			);
			name = Products;
			sourceTree = "<group>";
		};
		DFF0EB901EE58D6200A96A7E /* Money_Save */ = {
			isa = PBXGroup;
			children = (
				DF2B5B721F0FAE4A006C84E4 /* DAO */,
				DF38FFFF1EE5B32C00C967C2 /* Controller */,
				DFF0EB911EE58D6200A96A7E /* AppDelegate.swift */,
				DFF0EB931EE58D6200A96A7E /* ViewController.swift */,
				DFF0EB951EE58D6200A96A7E /* Main.storyboard */,
				DFF0EB981EE58D6300A96A7E /* Assets.xcassets */,
				DFF0EB9A1EE58D6300A96A7E /* LaunchScreen.storyboard */,
				DFF0EB9D1EE58D6300A96A7E /* Info.plist */,
				B76F66371EF112E8000FEE02 /* GoogleService-Info.plist */,
			);
			path = Money_Save;
			sourceTree = "<group>";
		};
		DFF0EBA51EE58D6300A96A7E /* Money_SaveTests */ = {
			isa = PBXGroup;
			children = (
				DFF0EBA61EE58D6300A96A7E /* Money_SaveTests.swift */,
				DFF0EBA81EE58D6300A96A7E /* Info.plist */,
			);
			path = Money_SaveTests;
			sourceTree = "<group>";
		};
		DFF0EBB01EE58D6300A96A7E /* Money_SaveUITests */ = {
			isa = PBXGroup;
			children = (
				DFF0EBB11EE58D6300A96A7E /* Money_SaveUITests.swift */,
				DFF0EBB31EE58D6400A96A7E /* Info.plist */,
			);
			path = Money_SaveUITests;
			sourceTree = "<group>";
		};
		FC11A1E6014F2458505BB531 /* Pods */ = {
			isa = PBXGroup;
			children = (
				173FB40E564E3C9714002C1A /* Pods-Money_Save.debug.xcconfig */,
				F0ED98EFF8B8C363A60F7188 /* Pods-Money_Save.release.xcconfig */,
				E2164E7BE4580874BE3F36B0 /* Pods-Money_SaveTests.debug.xcconfig */,
				9A9A7541A261DD740F564D28 /* Pods-Money_SaveTests.release.xcconfig */,
				2EB8ABB43183817FA652C71C /* Pods-Money_SaveUITests.debug.xcconfig */,
				33F9E2589A6E368D05A23452 /* Pods-Money_SaveUITests.release.xcconfig */,
			);
			name = Pods;
			sourceTree = "<group>";
		};
/* End PBXGroup section */

/* Begin PBXNativeTarget section */
		DFF0EB8D1EE58D6200A96A7E /* Money_Save */ = {
			isa = PBXNativeTarget;
			buildConfigurationList = DFF0EBB61EE58D6400A96A7E /* Build configuration list for PBXNativeTarget "Money_Save" */;
			buildPhases = (
				1AB0DB190A4243E60EDCC4DA /* [CP] Check Pods Manifest.lock */,
				DFF0EB8A1EE58D6200A96A7E /* Sources */,
				DFF0EB8B1EE58D6200A96A7E /* Frameworks */,
				DFF0EB8C1EE58D6200A96A7E /* Resources */,
				6B42E9EC958EF697C4C45016 /* [CP] Embed Pods Frameworks */,
				080E6D8892787324A322BF08 /* [CP] Copy Pods Resources */,
			);
			buildRules = (
			);
			dependencies = (
			);
			name = Money_Save;
			productName = Money_Save;
			productReference = DFF0EB8E1EE58D6200A96A7E /* Money_Save.app */;
			productType = "com.apple.product-type.application";
		};
		DFF0EBA11EE58D6300A96A7E /* Money_SaveTests */ = {
			isa = PBXNativeTarget;
			buildConfigurationList = DFF0EBB91EE58D6400A96A7E /* Build configuration list for PBXNativeTarget "Money_SaveTests" */;
			buildPhases = (
				2B4D39C694B65EA649CEC7C8 /* [CP] Check Pods Manifest.lock */,
				DFF0EB9E1EE58D6300A96A7E /* Sources */,
				DFF0EB9F1EE58D6300A96A7E /* Frameworks */,
				DFF0EBA01EE58D6300A96A7E /* Resources */,
				203909F9DA3E87958EAB3680 /* [CP] Embed Pods Frameworks */,
				EE8B6D152D668D1D7BE4AE11 /* [CP] Copy Pods Resources */,
			);
			buildRules = (
			);
			dependencies = (
				DFF0EBA41EE58D6300A96A7E /* PBXTargetDependency */,
			);
			name = Money_SaveTests;
			productName = Money_SaveTests;
			productReference = DFF0EBA21EE58D6300A96A7E /* Money_SaveTests.xctest */;
			productType = "com.apple.product-type.bundle.unit-test";
		};
		DFF0EBAC1EE58D6300A96A7E /* Money_SaveUITests */ = {
			isa = PBXNativeTarget;
			buildConfigurationList = DFF0EBBC1EE58D6400A96A7E /* Build configuration list for PBXNativeTarget "Money_SaveUITests" */;
			buildPhases = (
				0D20C371D4ACE238A392D698 /* [CP] Check Pods Manifest.lock */,
				DFF0EBA91EE58D6300A96A7E /* Sources */,
				DFF0EBAA1EE58D6300A96A7E /* Frameworks */,
				DFF0EBAB1EE58D6300A96A7E /* Resources */,
				0BB820E615B13A524C5CE378 /* [CP] Embed Pods Frameworks */,
				9D1EF8FC4D46F52ACC9B1C37 /* [CP] Copy Pods Resources */,
			);
			buildRules = (
			);
			dependencies = (
				DFF0EBAF1EE58D6300A96A7E /* PBXTargetDependency */,
			);
			name = Money_SaveUITests;
			productName = Money_SaveUITests;
			productReference = DFF0EBAD1EE58D6300A96A7E /* Money_SaveUITests.xctest */;
			productType = "com.apple.product-type.bundle.ui-testing";
		};
/* End PBXNativeTarget section */

/* Begin PBXProject section */
		DFF0EB861EE58D6200A96A7E /* Project object */ = {
			isa = PBXProject;
			attributes = {
				LastSwiftUpdateCheck = 0830;
				LastUpgradeCheck = 0830;
				ORGANIZATIONNAME = "Bui Phuoc";
				TargetAttributes = {
					DFF0EB8D1EE58D6200A96A7E = {
						CreatedOnToolsVersion = 8.3.2;
						ProvisioningStyle = Automatic;
					};
					DFF0EBA11EE58D6300A96A7E = {
						CreatedOnToolsVersion = 8.3.2;
						ProvisioningStyle = Automatic;
						TestTargetID = DFF0EB8D1EE58D6200A96A7E;
					};
					DFF0EBAC1EE58D6300A96A7E = {
						CreatedOnToolsVersion = 8.3.2;
						ProvisioningStyle = Automatic;
						TestTargetID = DFF0EB8D1EE58D6200A96A7E;
					};
				};
			};
			buildConfigurationList = DFF0EB891EE58D6200A96A7E /* Build configuration list for PBXProject "Money_Save" */;
			compatibilityVersion = "Xcode 3.2";
			developmentRegion = English;
			hasScannedForEncodings = 0;
			knownRegions = (
				en,
				Base,
			);
			mainGroup = DFF0EB851EE58D6200A96A7E;
			productRefGroup = DFF0EB8F1EE58D6200A96A7E /* Products */;
			projectDirPath = "";
			projectRoot = "";
			targets = (
				DFF0EB8D1EE58D6200A96A7E /* Money_Save */,
				DFF0EBA11EE58D6300A96A7E /* Money_SaveTests */,
				DFF0EBAC1EE58D6300A96A7E /* Money_SaveUITests */,
			);
		};
/* End PBXProject section */

/* Begin PBXResourcesBuildPhase section */
		DFF0EB8C1EE58D6200A96A7E /* Resources */ = {
			isa = PBXResourcesBuildPhase;
			buildActionMask = 2147483647;
			files = (
				DFF0EB9C1EE58D6300A96A7E /* LaunchScreen.storyboard in Resources */,
				B76F66381EF112E8000FEE02 /* GoogleService-Info.plist in Resources */,
				DFF0EB991EE58D6300A96A7E /* Assets.xcassets in Resources */,
				DFF0EB971EE58D6200A96A7E /* Main.storyboard in Resources */,
			);
			runOnlyForDeploymentPostprocessing = 0;
		};
		DFF0EBA01EE58D6300A96A7E /* Resources */ = {
			isa = PBXResourcesBuildPhase;
			buildActionMask = 2147483647;
			files = (
			);
			runOnlyForDeploymentPostprocessing = 0;
		};
		DFF0EBAB1EE58D6300A96A7E /* Resources */ = {
			isa = PBXResourcesBuildPhase;
			buildActionMask = 2147483647;
			files = (
			);
			runOnlyForDeploymentPostprocessing = 0;
		};
/* End PBXResourcesBuildPhase section */

/* Begin PBXShellScriptBuildPhase section */
		080E6D8892787324A322BF08 /* [CP] Copy Pods Resources */ = {
			isa = PBXShellScriptBuildPhase;
			buildActionMask = 2147483647;
			files = (
			);
			inputPaths = (
			);
			name = "[CP] Copy Pods Resources";
			outputPaths = (
			);
			runOnlyForDeploymentPostprocessing = 0;
			shellPath = /bin/sh;
			shellScript = "\"${SRCROOT}/Pods/Target Support Files/Pods-Money_Save/Pods-Money_Save-resources.sh\"\n";
			showEnvVarsInLog = 0;
		};
		0BB820E615B13A524C5CE378 /* [CP] Embed Pods Frameworks */ = {
			isa = PBXShellScriptBuildPhase;
			buildActionMask = 2147483647;
			files = (
			);
			inputPaths = (
			);
			name = "[CP] Embed Pods Frameworks";
			outputPaths = (
			);
			runOnlyForDeploymentPostprocessing = 0;
			shellPath = /bin/sh;
			shellScript = "\"${SRCROOT}/Pods/Target Support Files/Pods-Money_SaveUITests/Pods-Money_SaveUITests-frameworks.sh\"\n";
			showEnvVarsInLog = 0;
		};
		0D20C371D4ACE238A392D698 /* [CP] Check Pods Manifest.lock */ = {
			isa = PBXShellScriptBuildPhase;
			buildActionMask = 2147483647;
			files = (
			);
			inputPaths = (
			);
			name = "[CP] Check Pods Manifest.lock";
			outputPaths = (
			);
			runOnlyForDeploymentPostprocessing = 0;
			shellPath = /bin/sh;
			shellScript = "diff \"${PODS_PODFILE_DIR_PATH}/Podfile.lock\" \"${PODS_ROOT}/Manifest.lock\" > /dev/null\nif [ $? != 0 ] ; then\n    # print error to STDERR\n    echo \"error: The sandbox is not in sync with the Podfile.lock. Run 'pod install' or update your CocoaPods installation.\" >&2\n    exit 1\nfi\n";
			showEnvVarsInLog = 0;
		};
		1AB0DB190A4243E60EDCC4DA /* [CP] Check Pods Manifest.lock */ = {
			isa = PBXShellScriptBuildPhase;
			buildActionMask = 2147483647;
			files = (
			);
			inputPaths = (
			);
			name = "[CP] Check Pods Manifest.lock";
			outputPaths = (
			);
			runOnlyForDeploymentPostprocessing = 0;
			shellPath = /bin/sh;
			shellScript = "diff \"${PODS_PODFILE_DIR_PATH}/Podfile.lock\" \"${PODS_ROOT}/Manifest.lock\" > /dev/null\nif [ $? != 0 ] ; then\n    # print error to STDERR\n    echo \"error: The sandbox is not in sync with the Podfile.lock. Run 'pod install' or update your CocoaPods installation.\" >&2\n    exit 1\nfi\n";
			showEnvVarsInLog = 0;
		};
		203909F9DA3E87958EAB3680 /* [CP] Embed Pods Frameworks */ = {
			isa = PBXShellScriptBuildPhase;
			buildActionMask = 2147483647;
			files = (
			);
			inputPaths = (
			);
			name = "[CP] Embed Pods Frameworks";
			outputPaths = (
			);
			runOnlyForDeploymentPostprocessing = 0;
			shellPath = /bin/sh;
			shellScript = "\"${SRCROOT}/Pods/Target Support Files/Pods-Money_SaveTests/Pods-Money_SaveTests-frameworks.sh\"\n";
			showEnvVarsInLog = 0;
		};
		2B4D39C694B65EA649CEC7C8 /* [CP] Check Pods Manifest.lock */ = {
			isa = PBXShellScriptBuildPhase;
			buildActionMask = 2147483647;
			files = (
			);
			inputPaths = (
			);
			name = "[CP] Check Pods Manifest.lock";
			outputPaths = (
			);
			runOnlyForDeploymentPostprocessing = 0;
			shellPath = /bin/sh;
			shellScript = "diff \"${PODS_PODFILE_DIR_PATH}/Podfile.lock\" \"${PODS_ROOT}/Manifest.lock\" > /dev/null\nif [ $? != 0 ] ; then\n    # print error to STDERR\n    echo \"error: The sandbox is not in sync with the Podfile.lock. Run 'pod install' or update your CocoaPods installation.\" >&2\n    exit 1\nfi\n";
			showEnvVarsInLog = 0;
		};
		6B42E9EC958EF697C4C45016 /* [CP] Embed Pods Frameworks */ = {
			isa = PBXShellScriptBuildPhase;
			buildActionMask = 2147483647;
			files = (
			);
			inputPaths = (
			);
			name = "[CP] Embed Pods Frameworks";
			outputPaths = (
			);
			runOnlyForDeploymentPostprocessing = 0;
			shellPath = /bin/sh;
			shellScript = "\"${SRCROOT}/Pods/Target Support Files/Pods-Money_Save/Pods-Money_Save-frameworks.sh\"\n";
			showEnvVarsInLog = 0;
		};
		9D1EF8FC4D46F52ACC9B1C37 /* [CP] Copy Pods Resources */ = {
			isa = PBXShellScriptBuildPhase;
			buildActionMask = 2147483647;
			files = (
			);
			inputPaths = (
			);
			name = "[CP] Copy Pods Resources";
			outputPaths = (
			);
			runOnlyForDeploymentPostprocessing = 0;
			shellPath = /bin/sh;
			shellScript = "\"${SRCROOT}/Pods/Target Support Files/Pods-Money_SaveUITests/Pods-Money_SaveUITests-resources.sh\"\n";
			showEnvVarsInLog = 0;
		};
		EE8B6D152D668D1D7BE4AE11 /* [CP] Copy Pods Resources */ = {
			isa = PBXShellScriptBuildPhase;
			buildActionMask = 2147483647;
			files = (
			);
			inputPaths = (
			);
			name = "[CP] Copy Pods Resources";
			outputPaths = (
			);
			runOnlyForDeploymentPostprocessing = 0;
			shellPath = /bin/sh;
			shellScript = "\"${SRCROOT}/Pods/Target Support Files/Pods-Money_SaveTests/Pods-Money_SaveTests-resources.sh\"\n";
			showEnvVarsInLog = 0;
		};
/* End PBXShellScriptBuildPhase section */

/* Begin PBXSourcesBuildPhase section */
		DFF0EB8A1EE58D6200A96A7E /* Sources */ = {
			isa = PBXSourcesBuildPhase;
			buildActionMask = 2147483647;
			files = (
				DF3373EE1F0E73F40054D54B /* HangMucThuViewController.swift in Sources */,
				DF3800031EE5C10600C967C2 /* LoginViewController.swift in Sources */,
				DF2B5B7C1F0FC49E006C84E4 /* ListHangMucChi.swift in Sources */,
				DF2B5B781F0FC1D1006C84E4 /* DongHangMucChiTableViewCell.swift in Sources */,
				DF2B5B7A1F0FC2BB006C84E4 /* HangMucChi.swift in Sources */,
				DF3373F21F0E94D50054D54B /* DienGiaiViewController.swift in Sources */,
				DF3800011EE5B3BF00C967C2 /* RegisterViewController.swift in Sources */,
				3781679F1EE7F50600B7B300 /* Muc.swift in Sources */,
				DF2B5B6E1F0F4E40006C84E4 /* ListThuChiViewController.swift in Sources */,
				7A44F0C31F10B44A002429A0 /* LoaiThucChi.swift in Sources */,
				7A44F0BF1F10A9EC002429A0 /* getDataChi.swift in Sources */,
				DFF0EB941EE58D6200A96A7E /* ViewController.swift in Sources */,
				7AF2528B1F138024004430CF /* QuanlyUserViewController.swift in Sources */,
				7A44F0C11F10B339002429A0 /* ProtocolTransaction.swift in Sources */,
				DF2B5B761F0FC17C006C84E4 /* HangMucChiViewController.swift in Sources */,
				DF2B5B6C1F0F48E2006C84E4 /* ListThuChi.swift in Sources */,
				DF2B5B701F0F4E86006C84E4 /* DongThuChiTableViewCell.swift in Sources */,
				DF2B5B6A1F0F47F3006C84E4 /* ThuChi.swift in Sources */,
				DFF0EB921EE58D6200A96A7E /* AppDelegate.swift in Sources */,
				378167A11EE7F52200B7B300 /* MucLine.swift in Sources */,
				DF3373F01F0E87C80054D54B /* DongHangMucThuTableViewCell.swift in Sources */,
				DFA2D7761EE710AA009CCAA4 /* HomeViewController.swift in Sources */,
				7A44F0B71F108BCB002429A0 /* getData.swift in Sources */,
				DF349C871F1337DE007ADC2D /* ThemHangMucThuViewController.swift in Sources */,
				DFA2D7781EE71441009CCAA4 /* InsertViewController.swift in Sources */,
				7AF2528D1F138225004430CF /* DoiMatKhauViewController.swift in Sources */,
				DF2B5B681F0F2D9B006C84E4 /* DayViewController.swift in Sources */,
				7A44F0BD1F10A7D0002429A0 /* getDataThu.swift in Sources */,
				7A44F0BB1F109C10002429A0 /* User.swift in Sources */,
				DF349C851F13345A007ADC2D /* ThemHangMucChiViewController.swift in Sources */,
			);
			runOnlyForDeploymentPostprocessing = 0;
		};
		DFF0EB9E1EE58D6300A96A7E /* Sources */ = {
			isa = PBXSourcesBuildPhase;
			buildActionMask = 2147483647;
			files = (
				DFF0EBA71EE58D6300A96A7E /* Money_SaveTests.swift in Sources */,
			);
			runOnlyForDeploymentPostprocessing = 0;
		};
		DFF0EBA91EE58D6300A96A7E /* Sources */ = {
			isa = PBXSourcesBuildPhase;
			buildActionMask = 2147483647;
			files = (
				DFF0EBB21EE58D6300A96A7E /* Money_SaveUITests.swift in Sources */,
			);
			runOnlyForDeploymentPostprocessing = 0;
		};
/* End PBXSourcesBuildPhase section */

/* Begin PBXTargetDependency section */
		DFF0EBA41EE58D6300A96A7E /* PBXTargetDependency */ = {
			isa = PBXTargetDependency;
			target = DFF0EB8D1EE58D6200A96A7E /* Money_Save */;
			targetProxy = DFF0EBA31EE58D6300A96A7E /* PBXContainerItemProxy */;
		};
		DFF0EBAF1EE58D6300A96A7E /* PBXTargetDependency */ = {
			isa = PBXTargetDependency;
			target = DFF0EB8D1EE58D6200A96A7E /* Money_Save */;
			targetProxy = DFF0EBAE1EE58D6300A96A7E /* PBXContainerItemProxy */;
		};
/* End PBXTargetDependency section */

/* Begin PBXVariantGroup section */
		DFF0EB951EE58D6200A96A7E /* Main.storyboard */ = {
			isa = PBXVariantGroup;
			children = (
				DFF0EB961EE58D6200A96A7E /* Base */,
			);
			name = Main.storyboard;
			sourceTree = "<group>";
		};
		DFF0EB9A1EE58D6300A96A7E /* LaunchScreen.storyboard */ = {
			isa = PBXVariantGroup;
			children = (
				DFF0EB9B1EE58D6300A96A7E /* Base */,
			);
			name = LaunchScreen.storyboard;
			sourceTree = "<group>";
		};
/* End PBXVariantGroup section */

/* Begin XCBuildConfiguration section */
		DFF0EBB41EE58D6400A96A7E /* Debug */ = {
			isa = XCBuildConfiguration;
			buildSettings = {
				ALWAYS_SEARCH_USER_PATHS = NO;
				CLANG_ANALYZER_NONNULL = YES;
				CLANG_ANALYZER_NUMBER_OBJECT_CONVERSION = YES_AGGRESSIVE;
				CLANG_CXX_LANGUAGE_STANDARD = "gnu++0x";
				CLANG_CXX_LIBRARY = "libc++";
				CLANG_ENABLE_MODULES = YES;
				CLANG_ENABLE_OBJC_ARC = YES;
				CLANG_WARN_BOOL_CONVERSION = YES;
				CLANG_WARN_CONSTANT_CONVERSION = YES;
				CLANG_WARN_DIRECT_OBJC_ISA_USAGE = YES_ERROR;
				CLANG_WARN_DOCUMENTATION_COMMENTS = YES;
				CLANG_WARN_EMPTY_BODY = YES;
				CLANG_WARN_ENUM_CONVERSION = YES;
				CLANG_WARN_INFINITE_RECURSION = YES;
				CLANG_WARN_INT_CONVERSION = YES;
				CLANG_WARN_OBJC_ROOT_CLASS = YES_ERROR;
				CLANG_WARN_SUSPICIOUS_MOVE = YES;
				CLANG_WARN_UNREACHABLE_CODE = YES;
				CLANG_WARN__DUPLICATE_METHOD_MATCH = YES;
				"CODE_SIGN_IDENTITY[sdk=iphoneos*]" = "iPhone Developer";
				COPY_PHASE_STRIP = NO;
				DEBUG_INFORMATION_FORMAT = dwarf;
				ENABLE_STRICT_OBJC_MSGSEND = YES;
				ENABLE_TESTABILITY = YES;
				GCC_C_LANGUAGE_STANDARD = gnu99;
				GCC_DYNAMIC_NO_PIC = NO;
				GCC_NO_COMMON_BLOCKS = YES;
				GCC_OPTIMIZATION_LEVEL = 0;
				GCC_PREPROCESSOR_DEFINITIONS = (
					"DEBUG=1",
					"$(inherited)",
				);
				GCC_WARN_64_TO_32_BIT_CONVERSION = YES;
				GCC_WARN_ABOUT_RETURN_TYPE = YES_ERROR;
				GCC_WARN_UNDECLARED_SELECTOR = YES;
				GCC_WARN_UNINITIALIZED_AUTOS = YES_AGGRESSIVE;
				GCC_WARN_UNUSED_FUNCTION = YES;
				GCC_WARN_UNUSED_VARIABLE = YES;
				IPHONEOS_DEPLOYMENT_TARGET = 10.3;
				MTL_ENABLE_DEBUG_INFO = YES;
				ONLY_ACTIVE_ARCH = YES;
				SDKROOT = iphoneos;
				SWIFT_ACTIVE_COMPILATION_CONDITIONS = DEBUG;
				SWIFT_OPTIMIZATION_LEVEL = "-Onone";
				TARGETED_DEVICE_FAMILY = "1,2";
			};
			name = Debug;
		};
		DFF0EBB51EE58D6400A96A7E /* Release */ = {
			isa = XCBuildConfiguration;
			buildSettings = {
				ALWAYS_SEARCH_USER_PATHS = NO;
				CLANG_ANALYZER_NONNULL = YES;
				CLANG_ANALYZER_NUMBER_OBJECT_CONVERSION = YES_AGGRESSIVE;
				CLANG_CXX_LANGUAGE_STANDARD = "gnu++0x";
				CLANG_CXX_LIBRARY = "libc++";
				CLANG_ENABLE_MODULES = YES;
				CLANG_ENABLE_OBJC_ARC = YES;
				CLANG_WARN_BOOL_CONVERSION = YES;
				CLANG_WARN_CONSTANT_CONVERSION = YES;
				CLANG_WARN_DIRECT_OBJC_ISA_USAGE = YES_ERROR;
				CLANG_WARN_DOCUMENTATION_COMMENTS = YES;
				CLANG_WARN_EMPTY_BODY = YES;
				CLANG_WARN_ENUM_CONVERSION = YES;
				CLANG_WARN_INFINITE_RECURSION = YES;
				CLANG_WARN_INT_CONVERSION = YES;
				CLANG_WARN_OBJC_ROOT_CLASS = YES_ERROR;
				CLANG_WARN_SUSPICIOUS_MOVE = YES;
				CLANG_WARN_UNREACHABLE_CODE = YES;
				CLANG_WARN__DUPLICATE_METHOD_MATCH = YES;
				"CODE_SIGN_IDENTITY[sdk=iphoneos*]" = "iPhone Developer";
				COPY_PHASE_STRIP = NO;
				DEBUG_INFORMATION_FORMAT = "dwarf-with-dsym";
				ENABLE_NS_ASSERTIONS = NO;
				ENABLE_STRICT_OBJC_MSGSEND = YES;
				GCC_C_LANGUAGE_STANDARD = gnu99;
				GCC_NO_COMMON_BLOCKS = YES;
				GCC_WARN_64_TO_32_BIT_CONVERSION = YES;
				GCC_WARN_ABOUT_RETURN_TYPE = YES_ERROR;
				GCC_WARN_UNDECLARED_SELECTOR = YES;
				GCC_WARN_UNINITIALIZED_AUTOS = YES_AGGRESSIVE;
				GCC_WARN_UNUSED_FUNCTION = YES;
				GCC_WARN_UNUSED_VARIABLE = YES;
				IPHONEOS_DEPLOYMENT_TARGET = 10.3;
				MTL_ENABLE_DEBUG_INFO = NO;
				SDKROOT = iphoneos;
				SWIFT_OPTIMIZATION_LEVEL = "-Owholemodule";
				TARGETED_DEVICE_FAMILY = "1,2";
				VALIDATE_PRODUCT = YES;
			};
			name = Release;
		};
		DFF0EBB71EE58D6400A96A7E /* Debug */ = {
			isa = XCBuildConfiguration;
			baseConfigurationReference = 173FB40E564E3C9714002C1A /* Pods-Money_Save.debug.xcconfig */;
			buildSettings = {
				ASSETCATALOG_COMPILER_APPICON_NAME = AppIcon;
				INFOPLIST_FILE = Money_Save/Info.plist;
				LD_RUNPATH_SEARCH_PATHS = "$(inherited) @executable_path/Frameworks";
				PRODUCT_BUNDLE_IDENTIFIER = "BuiPhuoc.com.Money-Save";
				PRODUCT_NAME = "$(TARGET_NAME)";
				SWIFT_VERSION = 3.0;
			};
			name = Debug;
		};
		DFF0EBB81EE58D6400A96A7E /* Release */ = {
			isa = XCBuildConfiguration;
			baseConfigurationReference = F0ED98EFF8B8C363A60F7188 /* Pods-Money_Save.release.xcconfig */;
			buildSettings = {
				ASSETCATALOG_COMPILER_APPICON_NAME = AppIcon;
				INFOPLIST_FILE = Money_Save/Info.plist;
				LD_RUNPATH_SEARCH_PATHS = "$(inherited) @executable_path/Frameworks";
				PRODUCT_BUNDLE_IDENTIFIER = "BuiPhuoc.com.Money-Save";
				PRODUCT_NAME = "$(TARGET_NAME)";
				SWIFT_VERSION = 3.0;
			};
			name = Release;
		};
		DFF0EBBA1EE58D6400A96A7E /* Debug */ = {
			isa = XCBuildConfiguration;
			baseConfigurationReference = E2164E7BE4580874BE3F36B0 /* Pods-Money_SaveTests.debug.xcconfig */;
			buildSettings = {
				ALWAYS_EMBED_SWIFT_STANDARD_LIBRARIES = YES;
				BUNDLE_LOADER = "$(TEST_HOST)";
				INFOPLIST_FILE = Money_SaveTests/Info.plist;
				LD_RUNPATH_SEARCH_PATHS = "$(inherited) @executable_path/Frameworks @loader_path/Frameworks";
				PRODUCT_BUNDLE_IDENTIFIER = "BuiPhuoc.com.Money-SaveTests";
				PRODUCT_NAME = "$(TARGET_NAME)";
				SWIFT_VERSION = 3.0;
				TEST_HOST = "$(BUILT_PRODUCTS_DIR)/Money_Save.app/Money_Save";
			};
			name = Debug;
		};
		DFF0EBBB1EE58D6400A96A7E /* Release */ = {
			isa = XCBuildConfiguration;
			baseConfigurationReference = 9A9A7541A261DD740F564D28 /* Pods-Money_SaveTests.release.xcconfig */;
			buildSettings = {
				ALWAYS_EMBED_SWIFT_STANDARD_LIBRARIES = YES;
				BUNDLE_LOADER = "$(TEST_HOST)";
				INFOPLIST_FILE = Money_SaveTests/Info.plist;
				LD_RUNPATH_SEARCH_PATHS = "$(inherited) @executable_path/Frameworks @loader_path/Frameworks";
				PRODUCT_BUNDLE_IDENTIFIER = "BuiPhuoc.com.Money-SaveTests";
				PRODUCT_NAME = "$(TARGET_NAME)";
				SWIFT_VERSION = 3.0;
				TEST_HOST = "$(BUILT_PRODUCTS_DIR)/Money_Save.app/Money_Save";
			};
			name = Release;
		};
		DFF0EBBD1EE58D6400A96A7E /* Debug */ = {
			isa = XCBuildConfiguration;
			baseConfigurationReference = 2EB8ABB43183817FA652C71C /* Pods-Money_SaveUITests.debug.xcconfig */;
			buildSettings = {
				ALWAYS_EMBED_SWIFT_STANDARD_LIBRARIES = YES;
				INFOPLIST_FILE = Money_SaveUITests/Info.plist;
				LD_RUNPATH_SEARCH_PATHS = "$(inherited) @executable_path/Frameworks @loader_path/Frameworks";
				PRODUCT_BUNDLE_IDENTIFIER = "BuiPhuoc.com.Money-SaveUITests";
				PRODUCT_NAME = "$(TARGET_NAME)";
				SWIFT_VERSION = 3.0;
				TEST_TARGET_NAME = Money_Save;
			};
			name = Debug;
		};
		DFF0EBBE1EE58D6400A96A7E /* Release */ = {
			isa = XCBuildConfiguration;
			baseConfigurationReference = 33F9E2589A6E368D05A23452 /* Pods-Money_SaveUITests.release.xcconfig */;
			buildSettings = {
				ALWAYS_EMBED_SWIFT_STANDARD_LIBRARIES = YES;
				INFOPLIST_FILE = Money_SaveUITests/Info.plist;
				LD_RUNPATH_SEARCH_PATHS = "$(inherited) @executable_path/Frameworks @loader_path/Frameworks";
				PRODUCT_BUNDLE_IDENTIFIER = "BuiPhuoc.com.Money-SaveUITests";
				PRODUCT_NAME = "$(TARGET_NAME)";
				SWIFT_VERSION = 3.0;
				TEST_TARGET_NAME = Money_Save;
			};
			name = Release;
		};
/* End XCBuildConfiguration section */

/* Begin XCConfigurationList section */
		DFF0EB891EE58D6200A96A7E /* Build configuration list for PBXProject "Money_Save" */ = {
			isa = XCConfigurationList;
			buildConfigurations = (
				DFF0EBB41EE58D6400A96A7E /* Debug */,
				DFF0EBB51EE58D6400A96A7E /* Release */,
			);
			defaultConfigurationIsVisible = 0;
			defaultConfigurationName = Release;
		};
		DFF0EBB61EE58D6400A96A7E /* Build configuration list for PBXNativeTarget "Money_Save" */ = {
			isa = XCConfigurationList;
			buildConfigurations = (
				DFF0EBB71EE58D6400A96A7E /* Debug */,
				DFF0EBB81EE58D6400A96A7E /* Release */,
			);
			defaultConfigurationIsVisible = 0;
			defaultConfigurationName = Release;
		};
		DFF0EBB91EE58D6400A96A7E /* Build configuration list for PBXNativeTarget "Money_SaveTests" */ = {
			isa = XCConfigurationList;
			buildConfigurations = (
				DFF0EBBA1EE58D6400A96A7E /* Debug */,
				DFF0EBBB1EE58D6400A96A7E /* Release */,
			);
			defaultConfigurationIsVisible = 0;
			defaultConfigurationName = Release;
		};
		DFF0EBBC1EE58D6400A96A7E /* Build configuration list for PBXNativeTarget "Money_SaveUITests" */ = {
			isa = XCConfigurationList;
			buildConfigurations = (
				DFF0EBBD1EE58D6400A96A7E /* Debug */,
				DFF0EBBE1EE58D6400A96A7E /* Release */,
			);
			defaultConfigurationIsVisible = 0;
			defaultConfigurationName = Release;
		};
/* End XCConfigurationList section */
	};
	rootObject = DFF0EB861EE58D6200A96A7E /* Project object */;
}
